{
  "originHash" : "c535d3cdb62bd4e11e67f3c9e68290fa7ee9306634c5f56d2b0396eb75ed41ee",
  "pins" : [
    {
      "identity" : "mpvkit",
      "kind" : "remoteSourceControl",
      "location" : "https://github.com/edde746/MPVKit",
      "state" : {
        "revision" : "0097fea015fe9b59bcfed866e61acb5896454bd4"
      }
    }
  ],
  "version" : 3
}
